{
  "nodes": {
    "flake-compat": {
      "flake": false,
      "locked": {
        "lastModified": 1696426674,
        "narHash": "sha256-kvjfFW7WAETZlt09AgDn1MrtKzP7t90Vf7vypd3OL1U=",
        "owner": "edolstra",
        "repo": "flake-compat",
        "rev": "0f9255e01c2351cc7d116c072cb317785dd33b33",
        "type": "github"
      },
      "original": {
        "owner": "edolstra",
        "repo": "flake-compat",
        "type": "github"
      }
    },
    "flake-utils": {
      "inputs": {
        "systems": "systems"
      },
      "locked": {
        "lastModified": 1694529238,
        "narHash": "sha256-zsNZZGTGnMOf9YpHKJqMSsa0dXbfmxeoJ7xHlrt+xmY=",
        "owner": "numtide",
        "repo": "flake-utils",
        "rev": "ff7b65b44d01cf9ba6a71320833626af21126384",
        "type": "github"
      },
      "original": {
        "owner": "numtide",
        "repo": "flake-utils",
        "type": "github"
      }
    },
    "nix-node-package": {
      "flake": false,
      "locked": {
        "lastModified": 1694372307,
        "narHash": "sha256-18dhHWJfa0QB0fPsaYvRwGd86BVn6xMkN6mDmiDKack=",
        "owner": "mkg20001",
        "repo": "nix-node-package",
        "rev": "97ac59276f12f768062e4eb336fc77079d5fb6a0",
        "type": "github"
      },
      "original": {
        "owner": "mkg20001",
        "repo": "nix-node-package",
        "type": "github"
      }
    },
    "nixpkgs": {
      "locked": {
        "lastModified": 1696374741,
        "narHash": "sha256-gt8B3G0ryizT9HSB4cCO8QoxdbsHnrQH+/BdKxOwqF0=",
        "owner": "NixOS",
        "repo": "nixpkgs",
        "rev": "8a4c17493e5c39769f79117937c79e1c88de6729",
        "type": "github"
      },
      "original": {
        "id": "nixpkgs",
        "ref": "nixos-23.05",
        "type": "indirect"
      }
    },
    "root": {
      "inputs": {
        "flake-compat": "flake-compat",
        "flake-utils": "flake-utils",
        "nix-node-package": "nix-node-package",
        "nixpkgs": "nixpkgs",
        "tuxpkgs": "tuxpkgs"
      }
    },
    "systems": {
      "locked": {
        "lastModified": 1681028828,
        "narHash": "sha256-Vy1rq5AaRuLzOxct8nz4T6wlgyUR7zLU309k9mBC768=",
        "owner": "nix-systems",
        "repo": "default",
        "rev": "da67096a3b9bf56a91d16901293e51ba5b49a27e",
        "type": "github"
      },
      "original": {
        "owner": "nix-systems",
        "repo": "default",
        "type": "github"
      }
    },
    "tuxpkgs": {
      "inputs": {
        "flake-utils": [
          "flake-utils"
        ],
        "nixpkgs": [
          "nixpkgs"
        ]
      },
      "locked": {
        "lastModified": 1696700871,
        "narHash": "sha256-9VFEJEfnfnCS1+kLznxd+OiDYdMnLP00+XR53iPfnK4=",
        "ref": "refs/heads/master",
        "rev": "a25f5792a256beaed2a9f944fccdea8ea7a8d44b",
        "revCount": 6,
        "type": "git",
        "url": "ssh://git@git.o-g.at/nixpkg/tuxpkgs.git"
      },
      "original": {
        "type": "git",
        "url": "ssh://git@git.o-g.at/nixpkg/tuxpkgs.git"
      }
    }
  },
  "root": "root",
  "version": 7
}
